
Microsoft Visual Studio Solution File, Format Version 12.00
# Visual Studio Version 17
VisualStudioVersion = 17.4.33110.190
MinimumVisualStudioVersion = 10.0.40219.1
Project("{FAE04EC0-301F-11D3-BF4B-00C04F79EFBC}") = "ProductManager.Console", "ProductManager.Console\ProductManager.Console.csproj", "{71BA6C73-A72B-426A-8092-7A4EBD528F37}"
EndProject
Project("{FAE04EC0-301F-11D3-BF4B-00C04F79EFBC}") = "ProductManager.Models", "ProductManager.Models\ProductManager.Models.csproj", "{4F870966-50A5-440D-9180-DF7948413893}"
EndProject
Project("{FAE04EC0-301F-11D3-BF4B-00C04F79EFBC}") = "ProductManager.Services", "ProductManager.Services\ProductManager.Services.csproj", "{1C907F85-489D-4EE6-9D31-D99BBCF129FA}"
EndProject
Global
	GlobalSection(SolutionConfigurationPlatforms) = preSolution
		Debug|Any CPU = Debug|Any CPU
		Release|Any CPU = Release|Any CPU
	EndGlobalSection
	GlobalSection(ProjectConfigurationPlatforms) = postSolution
		{71BA6C73-A72B-426A-8092-7A4EBD528F37}.Debug|Any CPU.ActiveCfg = Debug|Any CPU
		{71BA6C73-A72B-426A-8092-7A4EBD528F37}.Debug|Any CPU.Build.0 = Debug|Any CPU
		{71BA6C73-A72B-426A-8092-7A4EBD528F37}.Release|Any CPU.ActiveCfg = Release|Any CPU
		{71BA6C73-A72B-426A-8092-7A4EBD528F37}.Release|Any CPU.Build.0 = Release|Any CPU
		{4F870966-50A5-440D-9180-DF7948413893}.Debug|Any CPU.ActiveCfg = Debug|Any CPU
		{4F870966-50A5-440D-9180-DF7948413893}.Debug|Any CPU.Build.0 = Debug|Any CPU
		{4F870966-50A5-440D-9180-DF7948413893}.Release|Any CPU.ActiveCfg = Release|Any CPU
		{4F870966-50A5-440D-9180-DF7948413893}.Release|Any CPU.Build.0 = Release|Any CPU
		{1C907F85-489D-4EE6-9D31-D99BBCF129FA}.Debug|Any CPU.ActiveCfg = Debug|Any CPU
		{1C907F85-489D-4EE6-9D31-D99BBCF129FA}.Debug|Any CPU.Build.0 = Debug|Any CPU
		{1C907F85-489D-4EE6-9D31-D99BBCF129FA}.Release|Any CPU.ActiveCfg = Release|Any CPU
		{1C907F85-489D-4EE6-9D31-D99BBCF129FA}.Release|Any CPU.Build.0 = Release|Any CPU
	EndGlobalSection
	GlobalSection(SolutionProperties) = preSolution
		HideSolutionNode = FALSE
	EndGlobalSection
	GlobalSection(ExtensibilityGlobals) = postSolution
		SolutionGuid = {022F8668-7F68-4BD6-9BF5-EF8DE3E2241C}
	EndGlobalSection
EndGlobal
